
Microsoft Visual Studio Solution File, Format Version 12.00
# Visual Studio Version 16
VisualStudioVersion = 16.0.30330.147
MinimumVisualStudioVersion = 10.0.40219.1
Project("{FAE04EC0-301F-11D3-BF4B-00C04F79EFBC}") = "PracticeDesktopApp", "PracticeDesktopApp\PracticeDesktopApp.csproj", "{42E82EA4-8328-40A7-A733-1D9332DD71F4}"
EndProject
Project("{FAE04EC0-301F-11D3-BF4B-00C04F79EFBC}") = "FileStore", "FileStore\FileStore.csproj", "{C52804C3-1A1D-4E92-AE12-0218ABBD21B5}"
EndProject
Global
	GlobalSection(SolutionConfigurationPlatforms) = preSolution
		Debug|Any CPU = Debug|Any CPU
		Release|Any CPU = Release|Any CPU
	EndGlobalSection
	GlobalSection(ProjectConfigurationPlatforms) = postSolution
		{42E82EA4-8328-40A7-A733-1D9332DD71F4}.Debug|Any CPU.ActiveCfg = Debug|Any CPU
		{42E82EA4-8328-40A7-A733-1D9332DD71F4}.Debug|Any CPU.Build.0 = Debug|Any CPU
		{42E82EA4-8328-40A7-A733-1D9332DD71F4}.Release|Any CPU.ActiveCfg = Release|Any CPU
		{42E82EA4-8328-40A7-A733-1D9332DD71F4}.Release|Any CPU.Build.0 = Release|Any CPU
		{C52804C3-1A1D-4E92-AE12-0218ABBD21B5}.Debug|Any CPU.ActiveCfg = Debug|Any CPU
		{C52804C3-1A1D-4E92-AE12-0218ABBD21B5}.Debug|Any CPU.Build.0 = Debug|Any CPU
		{C52804C3-1A1D-4E92-AE12-0218ABBD21B5}.Release|Any CPU.ActiveCfg = Release|Any CPU
		{C52804C3-1A1D-4E92-AE12-0218ABBD21B5}.Release|Any CPU.Build.0 = Release|Any CPU
	EndGlobalSection
	GlobalSection(SolutionProperties) = preSolution
		HideSolutionNode = FALSE
	EndGlobalSection
	GlobalSection(ExtensibilityGlobals) = postSolution
		SolutionGuid = {E6FAEE92-4F97-4EA3-9CCE-954BA52F43F0}
	EndGlobalSection
EndGlobal
